
Microsoft Visual Studio Solution File, Format Version 12.00
# Visual Studio Version 17
VisualStudioVersion = 17.14.36414.22
MinimumVisualStudioVersion = 10.0.40219.1
Project("{2150E333-8FDC-42A3-9474-1A3956D46DE8}") = "Task0", "Task0", "{02EA681E-C7D8-13C7-8484-4AC65E1B71E8}"
EndProject
Project("{FAE04EC0-301F-11D3-BF4B-00C04F79EFBC}") = "Tyuiu.KolganenkoRV.Sprint3.Task0.V8", "Tyuiu.KolganenkoRV.Sprint3.Task0.V8\Tyuiu.KolganenkoRV.Sprint3.Task0.V8.csproj", "{FA779D05-C70B-44A3-AAEF-53AA619B9AEC}"
EndProject
Project("{FAE04EC0-301F-11D3-BF4B-00C04F79EFBC}") = "Tyuiu.KolganenkoRV.Sprint3.Task0.V8.Lib", "Tyuiu.KolganenkoRV.Sprint3.Task0.V8.Lib\Tyuiu.KolganenkoRV.Sprint3.Task0.V8.Lib.csproj", "{C1D4AB40-0BCD-4597-9B7E-1388B247DE03}"
EndProject
Project("{FAE04EC0-301F-11D3-BF4B-00C04F79EFBC}") = "Tyuiu.KolganenkoRV.Sprint3.Task0.V8.Test", "Tyuiu.KolganenkoRV.Sprint3.Task0.V8.Test\Tyuiu.KolganenkoRV.Sprint3.Task0.V8.Test.csproj", "{01D6C926-914E-459D-B18B-475ECFFF72AF}"
EndProject
Project("{2150E333-8FDC-42A3-9474-1A3956D46DE8}") = "Task1", "Task1", "{400EFB89-2EB6-433E-B54E-1599C6E7E580}"
EndProject
Project("{FAE04EC0-301F-11D3-BF4B-00C04F79EFBC}") = "Tyuiu.KolganenkoRV.Sprint3.Task1.V19", "Tyuiu.KolganenkoRV.Sprint3.Task1.V19\Tyuiu.KolganenkoRV.Sprint3.Task1.V19.csproj", "{DD24794D-B6E7-4C6B-8D35-9C7B76F1F225}"
EndProject
Project("{FAE04EC0-301F-11D3-BF4B-00C04F79EFBC}") = "Tyuiu.KolganenkoRV.Sprint3.Task1.V19.Lib", "Tyuiu.KolganenkoRV.Sprint3.Task1.V19.Lib\Tyuiu.KolganenkoRV.Sprint3.Task1.V19.Lib.csproj", "{261732D5-7464-4E07-B13A-87A58A53FFB9}"
EndProject
Project("{FAE04EC0-301F-11D3-BF4B-00C04F79EFBC}") = "Tyuiu.KolganenkoRV.Sprint3.Task1.V19.Test", "Tyuiu.KolganenkoRV.Sprint3.Task1.V19.Test\Tyuiu.KolganenkoRV.Sprint3.Task1.V19.Test.csproj", "{FF774B95-D054-4C17-9A93-7FAC529D6300}"
EndProject
Project("{2150E333-8FDC-42A3-9474-1A3956D46DE8}") = "Task2", "Task2", "{DDB777E0-2D7A-421C-B43F-A5BB348974CC}"
EndProject
Project("{FAE04EC0-301F-11D3-BF4B-00C04F79EFBC}") = "Tyuiu.KolganenkoRV.Sprint3.Task2.V14", "Tyuiu.KolganenkoRV.Sprint3.Task2.V14\Tyuiu.KolganenkoRV.Sprint3.Task2.V14.csproj", "{F00277F3-656B-42C8-9AEA-412166201E8F}"
EndProject
Project("{FAE04EC0-301F-11D3-BF4B-00C04F79EFBC}") = "Tyuiu.KolganenkoRV.Sprint3.Task2.V14.Lib", "Tyuiu.KolganenkoRV.Sprint3.Task2.V14.Lib\Tyuiu.KolganenkoRV.Sprint3.Task2.V14.Lib.csproj", "{8F5CA48A-A885-4146-AC0F-3CFB6B43567C}"
EndProject
Project("{FAE04EC0-301F-11D3-BF4B-00C04F79EFBC}") = "Tyuiu.KolganenkoRV.Sprint3.Task2.V14.Test", "Tyuiu.KolganenkoRV.Sprint3.Task2.V14.Test\Tyuiu.KolganenkoRV.Sprint3.Task2.V14.Test.csproj", "{FE37EDAC-75B6-4CC1-A872-6ED3E4D7D0B3}"
EndProject
Project("{2150E333-8FDC-42A3-9474-1A3956D46DE8}") = "Task3", "Task3", "{23B4CA12-228D-4B06-B5AF-5D4278693DBA}"
EndProject
Project("{FAE04EC0-301F-11D3-BF4B-00C04F79EFBC}") = "Tyuiu.KolganenkoRV.Sprint3.Task3.V3", "Tyuiu.KolganenkoRV.Sprint3.Task3.V3\Tyuiu.KolganenkoRV.Sprint3.Task3.V3.csproj", "{6B02C079-B792-4FEE-B63C-44FC36114113}"
EndProject
Project("{FAE04EC0-301F-11D3-BF4B-00C04F79EFBC}") = "Tyuiu.KolganenkoRV.Sprint3.Task3.V3.Lib", "Tyuiu.KolganenkoRV.Sprint3.Task3.V3.Lib\Tyuiu.KolganenkoRV.Sprint3.Task3.V3.Lib.csproj", "{EAEE9648-926F-46AE-8747-764F4983F983}"
EndProject
Project("{FAE04EC0-301F-11D3-BF4B-00C04F79EFBC}") = "Tyuiu.KolganenkoRV.Sprint3.Task3.V3.Test", "Tyuiu.KolganenkoRV.Sprint3.Task3.V3.Test\Tyuiu.KolganenkoRV.Sprint3.Task3.V3.Test.csproj", "{9B910CD6-C4A4-46A0-A0CC-FC98944D863C}"
EndProject
Project("{2150E333-8FDC-42A3-9474-1A3956D46DE8}") = "Task4", "Task4", "{07897447-2B4B-4CED-B9D9-90708EDAF7C2}"
EndProject
Project("{FAE04EC0-301F-11D3-BF4B-00C04F79EFBC}") = "Tyuiu.KolganenkoRV.Sprint3.Task4.V2", "Tyuiu.KolganenkoRV.Sprint3.Task4.V2\Tyuiu.KolganenkoRV.Sprint3.Task4.V2.csproj", "{110F8047-B84D-4982-BDE2-F66AE22616CC}"
EndProject
Project("{FAE04EC0-301F-11D3-BF4B-00C04F79EFBC}") = "Tyuiu.KolganenkoRV.Sprint3.Task4.V2.Lib", "Tyuiu.KolganenkoRV.Sprint3.Task4.V2.Lib\Tyuiu.KolganenkoRV.Sprint3.Task4.V2.Lib.csproj", "{F2465840-8E56-48D8-BF39-6910D9B0C164}"
EndProject
Project("{FAE04EC0-301F-11D3-BF4B-00C04F79EFBC}") = "Tyuiu.KolganenkoRV.Sprint3.Task4.V2.Test", "Tyuiu.KolganenkoRV.Sprint3.Task4.V2.Test\Tyuiu.KolganenkoRV.Sprint3.Task4.V2.Test.csproj", "{294ABD4F-A308-4290-995A-2AE5E31F81E1}"
EndProject
Project("{2150E333-8FDC-42A3-9474-1A3956D46DE8}") = "Task5", "Task5", "{DC24C4FD-840E-4F31-9D5B-976842BCF0CD}"
EndProject
Project("{FAE04EC0-301F-11D3-BF4B-00C04F79EFBC}") = "Tyuiu.KolganenkoRV.Sprint3.Task5.V10", "Tyuiu.KolganenkoRV.Sprint3.Task5.V10\Tyuiu.KolganenkoRV.Sprint3.Task5.V10.csproj", "{692A7047-93E9-42EE-A408-61DF6E4244EB}"
EndProject
Project("{FAE04EC0-301F-11D3-BF4B-00C04F79EFBC}") = "Tyuiu.KolganenkoRV.Sprint3.Task5.V10.Lib", "Tyuiu.KolganenkoRV.Sprint3.Task5.V10.Lib\Tyuiu.KolganenkoRV.Sprint3.Task5.V10.Lib.csproj", "{9571E2F5-D5CA-40D3-A7FE-996AA27404C0}"
EndProject
Project("{FAE04EC0-301F-11D3-BF4B-00C04F79EFBC}") = "Tyuiu.KolganenkoRV.Sprint3.Task5.V10.Test", "Tyuiu.KolganenkoRV.Sprint3.Task5.V10.Test\Tyuiu.KolganenkoRV.Sprint3.Task5.V10.Test.csproj", "{C2409492-DD6B-4A25-AB0B-4FF86E6EC54C}"
EndProject
Project("{2150E333-8FDC-42A3-9474-1A3956D46DE8}") = "Task6", "Task6", "{E3B57AA4-3656-4077-8817-E9FF5B95EEC7}"
EndProject
Project("{FAE04EC0-301F-11D3-BF4B-00C04F79EFBC}") = "Tyuiu.KolganenkoRV.Sprint3.Task6.V11", "Tyuiu.KolganenkoRV.Sprint3.Task6.V11\Tyuiu.KolganenkoRV.Sprint3.Task6.V11.csproj", "{4C76AC6A-9200-4487-94D3-CDE3CC95F945}"
EndProject
Project("{FAE04EC0-301F-11D3-BF4B-00C04F79EFBC}") = "Tyuiu.KolganenkoRV.Sprint3.Task6.V11.Lib", "Tyuiu.KolganenkoRV.Sprint3.Task6.V11.Lib\Tyuiu.KolganenkoRV.Sprint3.Task6.V11.Lib.csproj", "{5A31C01D-5CD8-4EEA-8411-9EC23E36D5BB}"
EndProject
Project("{FAE04EC0-301F-11D3-BF4B-00C04F79EFBC}") = "Tyuiu.KolganenkoRV.Sprint3.Task6.V11.Test", "Tyuiu.KolganenkoRV.Sprint3.Task6.V11.Test\Tyuiu.KolganenkoRV.Sprint3.Task6.V11.Test.csproj", "{A42842C0-1D22-400A-9EB0-26FAC6C99E11}"
EndProject
Global
	GlobalSection(SolutionConfigurationPlatforms) = preSolution
		Debug|Any CPU = Debug|Any CPU
		Release|Any CPU = Release|Any CPU
	EndGlobalSection
	GlobalSection(ProjectConfigurationPlatforms) = postSolution
		{FA779D05-C70B-44A3-AAEF-53AA619B9AEC}.Debug|Any CPU.ActiveCfg = Debug|Any CPU
		{FA779D05-C70B-44A3-AAEF-53AA619B9AEC}.Debug|Any CPU.Build.0 = Debug|Any CPU
		{FA779D05-C70B-44A3-AAEF-53AA619B9AEC}.Release|Any CPU.ActiveCfg = Release|Any CPU
		{FA779D05-C70B-44A3-AAEF-53AA619B9AEC}.Release|Any CPU.Build.0 = Release|Any CPU
		{C1D4AB40-0BCD-4597-9B7E-1388B247DE03}.Debug|Any CPU.ActiveCfg = Debug|Any CPU
		{C1D4AB40-0BCD-4597-9B7E-1388B247DE03}.Debug|Any CPU.Build.0 = Debug|Any CPU
		{C1D4AB40-0BCD-4597-9B7E-1388B247DE03}.Release|Any CPU.ActiveCfg = Release|Any CPU
		{C1D4AB40-0BCD-4597-9B7E-1388B247DE03}.Release|Any CPU.Build.0 = Release|Any CPU
		{01D6C926-914E-459D-B18B-475ECFFF72AF}.Debug|Any CPU.ActiveCfg = Debug|Any CPU
		{01D6C926-914E-459D-B18B-475ECFFF72AF}.Debug|Any CPU.Build.0 = Debug|Any CPU
		{01D6C926-914E-459D-B18B-475ECFFF72AF}.Release|Any CPU.ActiveCfg = Release|Any CPU
		{01D6C926-914E-459D-B18B-475ECFFF72AF}.Release|Any CPU.Build.0 = Release|Any CPU
		{DD24794D-B6E7-4C6B-8D35-9C7B76F1F225}.Debug|Any CPU.ActiveCfg = Debug|Any CPU
		{DD24794D-B6E7-4C6B-8D35-9C7B76F1F225}.Debug|Any CPU.Build.0 = Debug|Any CPU
		{DD24794D-B6E7-4C6B-8D35-9C7B76F1F225}.Release|Any CPU.ActiveCfg = Release|Any CPU
		{DD24794D-B6E7-4C6B-8D35-9C7B76F1F225}.Release|Any CPU.Build.0 = Release|Any CPU
		{261732D5-7464-4E07-B13A-87A58A53FFB9}.Debug|Any CPU.ActiveCfg = Debug|Any CPU
		{261732D5-7464-4E07-B13A-87A58A53FFB9}.Debug|Any CPU.Build.0 = Debug|Any CPU
		{261732D5-7464-4E07-B13A-87A58A53FFB9}.Release|Any CPU.ActiveCfg = Release|Any CPU
		{261732D5-7464-4E07-B13A-87A58A53FFB9}.Release|Any CPU.Build.0 = Release|Any CPU
		{FF774B95-D054-4C17-9A93-7FAC529D6300}.Debug|Any CPU.ActiveCfg = Debug|Any CPU
		{FF774B95-D054-4C17-9A93-7FAC529D6300}.Debug|Any CPU.Build.0 = Debug|Any CPU
		{FF774B95-D054-4C17-9A93-7FAC529D6300}.Release|Any CPU.ActiveCfg = Release|Any CPU
		{FF774B95-D054-4C17-9A93-7FAC529D6300}.Release|Any CPU.Build.0 = Release|Any CPU
		{F00277F3-656B-42C8-9AEA-412166201E8F}.Debug|Any CPU.ActiveCfg = Debug|Any CPU
		{F00277F3-656B-42C8-9AEA-412166201E8F}.Debug|Any CPU.Build.0 = Debug|Any CPU
		{F00277F3-656B-42C8-9AEA-412166201E8F}.Release|Any CPU.ActiveCfg = Release|Any CPU
		{F00277F3-656B-42C8-9AEA-412166201E8F}.Release|Any CPU.Build.0 = Release|Any CPU
		{8F5CA48A-A885-4146-AC0F-3CFB6B43567C}.Debug|Any CPU.ActiveCfg = Debug|Any CPU
		{8F5CA48A-A885-4146-AC0F-3CFB6B43567C}.Debug|Any CPU.Build.0 = Debug|Any CPU
		{8F5CA48A-A885-4146-AC0F-3CFB6B43567C}.Release|Any CPU.ActiveCfg = Release|Any CPU
		{8F5CA48A-A885-4146-AC0F-3CFB6B43567C}.Release|Any CPU.Build.0 = Release|Any CPU
		{FE37EDAC-75B6-4CC1-A872-6ED3E4D7D0B3}.Debug|Any CPU.ActiveCfg = Debug|Any CPU
		{FE37EDAC-75B6-4CC1-A872-6ED3E4D7D0B3}.Debug|Any CPU.Build.0 = Debug|Any CPU
		{FE37EDAC-75B6-4CC1-A872-6ED3E4D7D0B3}.Release|Any CPU.ActiveCfg = Release|Any CPU
		{FE37EDAC-75B6-4CC1-A872-6ED3E4D7D0B3}.Release|Any CPU.Build.0 = Release|Any CPU
		{6B02C079-B792-4FEE-B63C-44FC36114113}.Debug|Any CPU.ActiveCfg = Debug|Any CPU
		{6B02C079-B792-4FEE-B63C-44FC36114113}.Debug|Any CPU.Build.0 = Debug|Any CPU
		{6B02C079-B792-4FEE-B63C-44FC36114113}.Release|Any CPU.ActiveCfg = Release|Any CPU
		{6B02C079-B792-4FEE-B63C-44FC36114113}.Release|Any CPU.Build.0 = Release|Any CPU
		{EAEE9648-926F-46AE-8747-764F4983F983}.Debug|Any CPU.ActiveCfg = Debug|Any CPU
		{EAEE9648-926F-46AE-8747-764F4983F983}.Debug|Any CPU.Build.0 = Debug|Any CPU
		{EAEE9648-926F-46AE-8747-764F4983F983}.Release|Any CPU.ActiveCfg = Release|Any CPU
		{EAEE9648-926F-46AE-8747-764F4983F983}.Release|Any CPU.Build.0 = Release|Any CPU
		{9B910CD6-C4A4-46A0-A0CC-FC98944D863C}.Debug|Any CPU.ActiveCfg = Debug|Any CPU
		{9B910CD6-C4A4-46A0-A0CC-FC98944D863C}.Debug|Any CPU.Build.0 = Debug|Any CPU
		{9B910CD6-C4A4-46A0-A0CC-FC98944D863C}.Release|Any CPU.ActiveCfg = Release|Any CPU
		{9B910CD6-C4A4-46A0-A0CC-FC98944D863C}.Release|Any CPU.Build.0 = Release|Any CPU
		{110F8047-B84D-4982-BDE2-F66AE22616CC}.Debug|Any CPU.ActiveCfg = Debug|Any CPU
		{110F8047-B84D-4982-BDE2-F66AE22616CC}.Debug|Any CPU.Build.0 = Debug|Any CPU
		{110F8047-B84D-4982-BDE2-F66AE22616CC}.Release|Any CPU.ActiveCfg = Release|Any CPU
		{110F8047-B84D-4982-BDE2-F66AE22616CC}.Release|Any CPU.Build.0 = Release|Any CPU
		{F2465840-8E56-48D8-BF39-6910D9B0C164}.Debug|Any CPU.ActiveCfg = Debug|Any CPU
		{F2465840-8E56-48D8-BF39-6910D9B0C164}.Debug|Any CPU.Build.0 = Debug|Any CPU
		{F2465840-8E56-48D8-BF39-6910D9B0C164}.Release|Any CPU.ActiveCfg = Release|Any CPU
		{F2465840-8E56-48D8-BF39-6910D9B0C164}.Release|Any CPU.Build.0 = Release|Any CPU
		{294ABD4F-A308-4290-995A-2AE5E31F81E1}.Debug|Any CPU.ActiveCfg = Debug|Any CPU
		{294ABD4F-A308-4290-995A-2AE5E31F81E1}.Debug|Any CPU.Build.0 = Debug|Any CPU
		{294ABD4F-A308-4290-995A-2AE5E31F81E1}.Release|Any CPU.ActiveCfg = Release|Any CPU
		{294ABD4F-A308-4290-995A-2AE5E31F81E1}.Release|Any CPU.Build.0 = Release|Any CPU
		{692A7047-93E9-42EE-A408-61DF6E4244EB}.Debug|Any CPU.ActiveCfg = Debug|Any CPU
		{692A7047-93E9-42EE-A408-61DF6E4244EB}.Debug|Any CPU.Build.0 = Debug|Any CPU
		{692A7047-93E9-42EE-A408-61DF6E4244EB}.Release|Any CPU.ActiveCfg = Release|Any CPU
		{692A7047-93E9-42EE-A408-61DF6E4244EB}.Release|Any CPU.Build.0 = Release|Any CPU
		{9571E2F5-D5CA-40D3-A7FE-996AA27404C0}.Debug|Any CPU.ActiveCfg = Debug|Any CPU
		{9571E2F5-D5CA-40D3-A7FE-996AA27404C0}.Debug|Any CPU.Build.0 = Debug|Any CPU
		{9571E2F5-D5CA-40D3-A7FE-996AA27404C0}.Release|Any CPU.ActiveCfg = Release|Any CPU
		{9571E2F5-D5CA-40D3-A7FE-996AA27404C0}.Release|Any CPU.Build.0 = Release|Any CPU
		{C2409492-DD6B-4A25-AB0B-4FF86E6EC54C}.Debug|Any CPU.ActiveCfg = Debug|Any CPU
		{C2409492-DD6B-4A25-AB0B-4FF86E6EC54C}.Debug|Any CPU.Build.0 = Debug|Any CPU
		{C2409492-DD6B-4A25-AB0B-4FF86E6EC54C}.Release|Any CPU.ActiveCfg = Release|Any CPU
		{C2409492-DD6B-4A25-AB0B-4FF86E6EC54C}.Release|Any CPU.Build.0 = Release|Any CPU
		{4C76AC6A-9200-4487-94D3-CDE3CC95F945}.Debug|Any CPU.ActiveCfg = Debug|Any CPU
		{4C76AC6A-9200-4487-94D3-CDE3CC95F945}.Debug|Any CPU.Build.0 = Debug|Any CPU
		{4C76AC6A-9200-4487-94D3-CDE3CC95F945}.Release|Any CPU.ActiveCfg = Release|Any CPU
		{4C76AC6A-9200-4487-94D3-CDE3CC95F945}.Release|Any CPU.Build.0 = Release|Any CPU
		{5A31C01D-5CD8-4EEA-8411-9EC23E36D5BB}.Debug|Any CPU.ActiveCfg = Debug|Any CPU
		{5A31C01D-5CD8-4EEA-8411-9EC23E36D5BB}.Debug|Any CPU.Build.0 = Debug|Any CPU
		{5A31C01D-5CD8-4EEA-8411-9EC23E36D5BB}.Release|Any CPU.ActiveCfg = Release|Any CPU
		{5A31C01D-5CD8-4EEA-8411-9EC23E36D5BB}.Release|Any CPU.Build.0 = Release|Any CPU
		{A42842C0-1D22-400A-9EB0-26FAC6C99E11}.Debug|Any CPU.ActiveCfg = Debug|Any CPU
		{A42842C0-1D22-400A-9EB0-26FAC6C99E11}.Debug|Any CPU.Build.0 = Debug|Any CPU
		{A42842C0-1D22-400A-9EB0-26FAC6C99E11}.Release|Any CPU.ActiveCfg = Release|Any CPU
		{A42842C0-1D22-400A-9EB0-26FAC6C99E11}.Release|Any CPU.Build.0 = Release|Any CPU
	EndGlobalSection
	GlobalSection(SolutionProperties) = preSolution
		HideSolutionNode = FALSE
	EndGlobalSection
	GlobalSection(NestedProjects) = preSolution
		{FA779D05-C70B-44A3-AAEF-53AA619B9AEC} = {02EA681E-C7D8-13C7-8484-4AC65E1B71E8}
		{C1D4AB40-0BCD-4597-9B7E-1388B247DE03} = {02EA681E-C7D8-13C7-8484-4AC65E1B71E8}
		{01D6C926-914E-459D-B18B-475ECFFF72AF} = {02EA681E-C7D8-13C7-8484-4AC65E1B71E8}
		{DD24794D-B6E7-4C6B-8D35-9C7B76F1F225} = {400EFB89-2EB6-433E-B54E-1599C6E7E580}
		{261732D5-7464-4E07-B13A-87A58A53FFB9} = {400EFB89-2EB6-433E-B54E-1599C6E7E580}
		{FF774B95-D054-4C17-9A93-7FAC529D6300} = {400EFB89-2EB6-433E-B54E-1599C6E7E580}
		{F00277F3-656B-42C8-9AEA-412166201E8F} = {DDB777E0-2D7A-421C-B43F-A5BB348974CC}
		{8F5CA48A-A885-4146-AC0F-3CFB6B43567C} = {DDB777E0-2D7A-421C-B43F-A5BB348974CC}
		{FE37EDAC-75B6-4CC1-A872-6ED3E4D7D0B3} = {DDB777E0-2D7A-421C-B43F-A5BB348974CC}
		{6B02C079-B792-4FEE-B63C-44FC36114113} = {23B4CA12-228D-4B06-B5AF-5D4278693DBA}
		{EAEE9648-926F-46AE-8747-764F4983F983} = {23B4CA12-228D-4B06-B5AF-5D4278693DBA}
		{9B910CD6-C4A4-46A0-A0CC-FC98944D863C} = {23B4CA12-228D-4B06-B5AF-5D4278693DBA}
		{110F8047-B84D-4982-BDE2-F66AE22616CC} = {07897447-2B4B-4CED-B9D9-90708EDAF7C2}
		{F2465840-8E56-48D8-BF39-6910D9B0C164} = {07897447-2B4B-4CED-B9D9-90708EDAF7C2}
		{294ABD4F-A308-4290-995A-2AE5E31F81E1} = {07897447-2B4B-4CED-B9D9-90708EDAF7C2}
		{692A7047-93E9-42EE-A408-61DF6E4244EB} = {DC24C4FD-840E-4F31-9D5B-976842BCF0CD}
		{9571E2F5-D5CA-40D3-A7FE-996AA27404C0} = {DC24C4FD-840E-4F31-9D5B-976842BCF0CD}
		{C2409492-DD6B-4A25-AB0B-4FF86E6EC54C} = {DC24C4FD-840E-4F31-9D5B-976842BCF0CD}
		{4C76AC6A-9200-4487-94D3-CDE3CC95F945} = {E3B57AA4-3656-4077-8817-E9FF5B95EEC7}
		{5A31C01D-5CD8-4EEA-8411-9EC23E36D5BB} = {E3B57AA4-3656-4077-8817-E9FF5B95EEC7}
		{A42842C0-1D22-400A-9EB0-26FAC6C99E11} = {E3B57AA4-3656-4077-8817-E9FF5B95EEC7}
	EndGlobalSection
	GlobalSection(ExtensibilityGlobals) = postSolution
		SolutionGuid = {232CDEB1-80EE-4613-B63F-661436F6193F}
	EndGlobalSection
EndGlobal
